// !$*UTF8*$!
{
	archiveVersion = 1;
	classes = {
	};
	objectVersion = 51;
	objects = {

/* Begin PBXBuildFile section */
		0305D2ED24877244003B2400 /* commanTableCell.swift in Sources */ = {isa = PBXBuildFile; fileRef = 0305D2EC24877244003B2400 /* commanTableCell.swift */; };
		0305D2F82487C40E003B2400 /* YBTextPickerDataModel.swift in Sources */ = {isa = PBXBuildFile; fileRef = 0305D2EF2487C40E003B2400 /* YBTextPickerDataModel.swift */; };
		0305D2F92487C40E003B2400 /* YBTextPickerCell.xib in Resources */ = {isa = PBXBuildFile; fileRef = 0305D2F12487C40E003B2400 /* YBTextPickerCell.xib */; };
		0305D2FA2487C40E003B2400 /* YBTextPickerCell.swift in Sources */ = {isa = PBXBuildFile; fileRef = 0305D2F22487C40E003B2400 /* YBTextPickerCell.swift */; };
		0305D2FB2487C40E003B2400 /* YBTextPicker.swift in Sources */ = {isa = PBXBuildFile; fileRef = 0305D2F32487C40E003B2400 /* YBTextPicker.swift */; };
		0305D2FC2487C40E003B2400 /* YBTextPicker_checked.png in Resources */ = {isa = PBXBuildFile; fileRef = 0305D2F52487C40E003B2400 /* YBTextPicker_checked.png */; };
		0305D2FD2487C40E003B2400 /* YBTextPicker_unchecked.png in Resources */ = {isa = PBXBuildFile; fileRef = 0305D2F62487C40E003B2400 /* YBTextPicker_unchecked.png */; };
		0305D2FE2487C40E003B2400 /* YBTextPicker.xib in Resources */ = {isa = PBXBuildFile; fileRef = 0305D2F72487C40E003B2400 /* YBTextPicker.xib */; };
		0305D30024881118003B2400 /* EEUIColor+Extension.swift in Sources */ = {isa = PBXBuildFile; fileRef = 0305D2FF24881118003B2400 /* EEUIColor+Extension.swift */; };
		03111D512488C19200E75B77 /* EmployeeListViewModel.swift in Sources */ = {isa = PBXBuildFile; fileRef = 03111D502488C19200E75B77 /* EmployeeListViewModel.swift */; };
		03111D532488FBF200E75B77 /* EEToastMessage.swift in Sources */ = {isa = PBXBuildFile; fileRef = 03111D522488FBF200E75B77 /* EEToastMessage.swift */; };
		03BAFD5524744F7D00F6AE5D /* AppDelegate.swift in Sources */ = {isa = PBXBuildFile; fileRef = 03BAFD5424744F7D00F6AE5D /* AppDelegate.swift */; };
		03BAFD5A24744F7D00F6AE5D /* Main.storyboard in Resources */ = {isa = PBXBuildFile; fileRef = 03BAFD5824744F7D00F6AE5D /* Main.storyboard */; };
		03BAFD5C24744F7E00F6AE5D /* Assets.xcassets in Resources */ = {isa = PBXBuildFile; fileRef = 03BAFD5B24744F7E00F6AE5D /* Assets.xcassets */; };
		03BAFD5F24744F7E00F6AE5D /* LaunchScreen.storyboard in Resources */ = {isa = PBXBuildFile; fileRef = 03BAFD5D24744F7E00F6AE5D /* LaunchScreen.storyboard */; };
		03BAFD6A24744F7E00F6AE5D /* EmployeeInventoryDemoAppTests.swift in Sources */ = {isa = PBXBuildFile; fileRef = 03BAFD6924744F7E00F6AE5D /* EmployeeInventoryDemoAppTests.swift */; };
		03BAFD7524744F7E00F6AE5D /* EmployeeInventoryDemoAppUITests.swift in Sources */ = {isa = PBXBuildFile; fileRef = 03BAFD7424744F7E00F6AE5D /* EmployeeInventoryDemoAppUITests.swift */; };
		03BAFD932474511D00F6AE5D /* EmployeeListViewController.swift in Sources */ = {isa = PBXBuildFile; fileRef = 03BAFD922474511D00F6AE5D /* EmployeeListViewController.swift */; };
		03BAFD952474514600F6AE5D /* EmployeeListModel.swift in Sources */ = {isa = PBXBuildFile; fileRef = 03BAFD942474514600F6AE5D /* EmployeeListModel.swift */; };
		03BAFD972474515B00F6AE5D /* DatabaseManager.swift in Sources */ = {isa = PBXBuildFile; fileRef = 03BAFD962474515B00F6AE5D /* DatabaseManager.swift */; };
		03BAFD992474519600F6AE5D /* NewEmployeeModel.swift in Sources */ = {isa = PBXBuildFile; fileRef = 03BAFD982474519600F6AE5D /* NewEmployeeModel.swift */; };
		03BAFD9B247451CC00F6AE5D /* NewEmployeeViewController.swift in Sources */ = {isa = PBXBuildFile; fileRef = 03BAFD9A247451CC00F6AE5D /* NewEmployeeViewController.swift */; };
		03BAFD9D247451EC00F6AE5D /* NewEmployeeViewModel.swift in Sources */ = {isa = PBXBuildFile; fileRef = 03BAFD9C247451EC00F6AE5D /* NewEmployeeViewModel.swift */; };
		03BAFDA52474528C00F6AE5D /* ProjectListModel.swift in Sources */ = {isa = PBXBuildFile; fileRef = 03BAFDA42474528C00F6AE5D /* ProjectListModel.swift */; };
		03BAFDA7247452B100F6AE5D /* ProjectListViewModel.swift in Sources */ = {isa = PBXBuildFile; fileRef = 03BAFDA6247452B100F6AE5D /* ProjectListViewModel.swift */; };
		03BAFDA9247452C000F6AE5D /* ProjectListViewController.swift in Sources */ = {isa = PBXBuildFile; fileRef = 03BAFDA8247452C000F6AE5D /* ProjectListViewController.swift */; };
		03C262C12475498100242E15 /* EmployeeTableCell.swift in Sources */ = {isa = PBXBuildFile; fileRef = 03C262C02475498100242E15 /* EmployeeTableCell.swift */; };
		03C262C424754D3600242E15 /* EEConstants.swift in Sources */ = {isa = PBXBuildFile; fileRef = 03C262C324754D3600242E15 /* EEConstants.swift */; };
		524FFE0B4242A1C644B71992 /* Pods_EmployeeInventoryDemoAppTests.framework in Frameworks */ = {isa = PBXBuildFile; fileRef = 4A17138EC48C5A20D02116D0 /* Pods_EmployeeInventoryDemoAppTests.framework */; };
		9ECCC2A5D1E4DA74446365FA /* Pods_EmployeeInventoryDemoApp.framework in Frameworks */ = {isa = PBXBuildFile; fileRef = 6F3EC6480A533721F9DA5996 /* Pods_EmployeeInventoryDemoApp.framework */; };
		AAACC0CD39C9F8B99A1F53C5 /* Pods_EmployeeInventoryDemoApp_EmployeeInventoryDemoAppUITests.framework in Frameworks */ = {isa = PBXBuildFile; fileRef = 4830408F233FC739F54432A0 /* Pods_EmployeeInventoryDemoApp_EmployeeInventoryDemoAppUITests.framework */; };
/* End PBXBuildFile section */

/* Begin PBXContainerItemProxy section */
		03BAFD6624744F7E00F6AE5D /* PBXContainerItemProxy */ = {
			isa = PBXContainerItemProxy;
			containerPortal = 03BAFD4924744F7D00F6AE5D /* Project object */;
			proxyType = 1;
			remoteGlobalIDString = 03BAFD5024744F7D00F6AE5D;
			remoteInfo = EmployeeInventoryDemoApp;
		};
		03BAFD7124744F7E00F6AE5D /* PBXContainerItemProxy */ = {
			isa = PBXContainerItemProxy;
			containerPortal = 03BAFD4924744F7D00F6AE5D /* Project object */;
			proxyType = 1;
			remoteGlobalIDString = 03BAFD5024744F7D00F6AE5D;
			remoteInfo = EmployeeInventoryDemoApp;
		};
/* End PBXContainerItemProxy section */

/* Begin PBXFileReference section */
		0305D2EC24877244003B2400 /* commanTableCell.swift */ = {isa = PBXFileReference; lastKnownFileType = sourcecode.swift; path = commanTableCell.swift; sourceTree = "<group>"; };
		0305D2EF2487C40E003B2400 /* YBTextPickerDataModel.swift */ = {isa = PBXFileReference; fileEncoding = 4; lastKnownFileType = sourcecode.swift; path = YBTextPickerDataModel.swift; sourceTree = "<group>"; };
		0305D2F12487C40E003B2400 /* YBTextPickerCell.xib */ = {isa = PBXFileReference; fileEncoding = 4; lastKnownFileType = file.xib; path = YBTextPickerCell.xib; sourceTree = "<group>"; };
		0305D2F22487C40E003B2400 /* YBTextPickerCell.swift */ = {isa = PBXFileReference; fileEncoding = 4; lastKnownFileType = sourcecode.swift; path = YBTextPickerCell.swift; sourceTree = "<group>"; };
		0305D2F32487C40E003B2400 /* YBTextPicker.swift */ = {isa = PBXFileReference; fileEncoding = 4; lastKnownFileType = sourcecode.swift; path = YBTextPicker.swift; sourceTree = "<group>"; };
		0305D2F52487C40E003B2400 /* YBTextPicker_checked.png */ = {isa = PBXFileReference; lastKnownFileType = image.png; path = YBTextPicker_checked.png; sourceTree = "<group>"; };
		0305D2F62487C40E003B2400 /* YBTextPicker_unchecked.png */ = {isa = PBXFileReference; lastKnownFileType = image.png; path = YBTextPicker_unchecked.png; sourceTree = "<group>"; };
		0305D2F72487C40E003B2400 /* YBTextPicker.xib */ = {isa = PBXFileReference; fileEncoding = 4; lastKnownFileType = file.xib; path = YBTextPicker.xib; sourceTree = "<group>"; };
		0305D2FF24881118003B2400 /* EEUIColor+Extension.swift */ = {isa = PBXFileReference; fileEncoding = 4; lastKnownFileType = sourcecode.swift; path = "EEUIColor+Extension.swift"; sourceTree = "<group>"; };
		03111D502488C19200E75B77 /* EmployeeListViewModel.swift */ = {isa = PBXFileReference; lastKnownFileType = sourcecode.swift; path = EmployeeListViewModel.swift; sourceTree = "<group>"; };
		03111D522488FBF200E75B77 /* EEToastMessage.swift */ = {isa = PBXFileReference; fileEncoding = 4; lastKnownFileType = sourcecode.swift; path = EEToastMessage.swift; sourceTree = "<group>"; };
		03BAFD5124744F7D00F6AE5D /* EmployeeInventoryDemoApp.app */ = {isa = PBXFileReference; explicitFileType = wrapper.application; includeInIndex = 0; path = EmployeeInventoryDemoApp.app; sourceTree = BUILT_PRODUCTS_DIR; };
		03BAFD5424744F7D00F6AE5D /* AppDelegate.swift */ = {isa = PBXFileReference; lastKnownFileType = sourcecode.swift; path = AppDelegate.swift; sourceTree = "<group>"; };
		03BAFD5924744F7D00F6AE5D /* Base */ = {isa = PBXFileReference; lastKnownFileType = file.storyboard; name = Base; path = Base.lproj/Main.storyboard; sourceTree = "<group>"; };
		03BAFD5B24744F7E00F6AE5D /* Assets.xcassets */ = {isa = PBXFileReference; lastKnownFileType = folder.assetcatalog; path = Assets.xcassets; sourceTree = "<group>"; };
		03BAFD5E24744F7E00F6AE5D /* Base */ = {isa = PBXFileReference; lastKnownFileType = file.storyboard; name = Base; path = Base.lproj/LaunchScreen.storyboard; sourceTree = "<group>"; };
		03BAFD6024744F7E00F6AE5D /* Info.plist */ = {isa = PBXFileReference; lastKnownFileType = text.plist.xml; path = Info.plist; sourceTree = "<group>"; };
		03BAFD6524744F7E00F6AE5D /* EmployeeInventoryDemoAppTests.xctest */ = {isa = PBXFileReference; explicitFileType = wrapper.cfbundle; includeInIndex = 0; path = EmployeeInventoryDemoAppTests.xctest; sourceTree = BUILT_PRODUCTS_DIR; };
		03BAFD6924744F7E00F6AE5D /* EmployeeInventoryDemoAppTests.swift */ = {isa = PBXFileReference; lastKnownFileType = sourcecode.swift; path = EmployeeInventoryDemoAppTests.swift; sourceTree = "<group>"; };
		03BAFD6B24744F7E00F6AE5D /* Info.plist */ = {isa = PBXFileReference; lastKnownFileType = text.plist.xml; path = Info.plist; sourceTree = "<group>"; };
		03BAFD7024744F7E00F6AE5D /* EmployeeInventoryDemoAppUITests.xctest */ = {isa = PBXFileReference; explicitFileType = wrapper.cfbundle; includeInIndex = 0; path = EmployeeInventoryDemoAppUITests.xctest; sourceTree = BUILT_PRODUCTS_DIR; };
		03BAFD7424744F7E00F6AE5D /* EmployeeInventoryDemoAppUITests.swift */ = {isa = PBXFileReference; lastKnownFileType = sourcecode.swift; path = EmployeeInventoryDemoAppUITests.swift; sourceTree = "<group>"; };
		03BAFD7624744F7E00F6AE5D /* Info.plist */ = {isa = PBXFileReference; lastKnownFileType = text.plist.xml; path = Info.plist; sourceTree = "<group>"; };
		03BAFD922474511D00F6AE5D /* EmployeeListViewController.swift */ = {isa = PBXFileReference; lastKnownFileType = sourcecode.swift; path = EmployeeListViewController.swift; sourceTree = "<group>"; };
		03BAFD942474514600F6AE5D /* EmployeeListModel.swift */ = {isa = PBXFileReference; lastKnownFileType = sourcecode.swift; path = EmployeeListModel.swift; sourceTree = "<group>"; };
		03BAFD962474515B00F6AE5D /* DatabaseManager.swift */ = {isa = PBXFileReference; lastKnownFileType = sourcecode.swift; path = DatabaseManager.swift; sourceTree = "<group>"; };
		03BAFD982474519600F6AE5D /* NewEmployeeModel.swift */ = {isa = PBXFileReference; lastKnownFileType = sourcecode.swift; path = NewEmployeeModel.swift; sourceTree = "<group>"; };
		03BAFD9A247451CC00F6AE5D /* NewEmployeeViewController.swift */ = {isa = PBXFileReference; lastKnownFileType = sourcecode.swift; path = NewEmployeeViewController.swift; sourceTree = "<group>"; };
		03BAFD9C247451EC00F6AE5D /* NewEmployeeViewModel.swift */ = {isa = PBXFileReference; lastKnownFileType = sourcecode.swift; path = NewEmployeeViewModel.swift; sourceTree = "<group>"; };
		03BAFDA42474528C00F6AE5D /* ProjectListModel.swift */ = {isa = PBXFileReference; lastKnownFileType = sourcecode.swift; path = ProjectListModel.swift; sourceTree = "<group>"; };
		03BAFDA6247452B100F6AE5D /* ProjectListViewModel.swift */ = {isa = PBXFileReference; lastKnownFileType = sourcecode.swift; path = ProjectListViewModel.swift; sourceTree = "<group>"; };
		03BAFDA8247452C000F6AE5D /* ProjectListViewController.swift */ = {isa = PBXFileReference; lastKnownFileType = sourcecode.swift; path = ProjectListViewController.swift; sourceTree = "<group>"; };
		03C262B92475397C00242E15 /* RealmSwift.framework */ = {isa = PBXFileReference; explicitFileType = wrapper.framework; path = RealmSwift.framework; sourceTree = BUILT_PRODUCTS_DIR; };
		03C262BD2475398400242E15 /* Realm.framework */ = {isa = PBXFileReference; explicitFileType = wrapper.framework; path = Realm.framework; sourceTree = BUILT_PRODUCTS_DIR; };
		03C262C02475498100242E15 /* EmployeeTableCell.swift */ = {isa = PBXFileReference; lastKnownFileType = sourcecode.swift; path = EmployeeTableCell.swift; sourceTree = "<group>"; };
		03C262C324754D3600242E15 /* EEConstants.swift */ = {isa = PBXFileReference; lastKnownFileType = sourcecode.swift; path = EEConstants.swift; sourceTree = "<group>"; };
		3311D66F183F453401C94EDC /* Pods-EmployeeInventoryDemoApp-EmployeeInventoryDemoAppUITests.debug.xcconfig */ = {isa = PBXFileReference; includeInIndex = 1; lastKnownFileType = text.xcconfig; name = "Pods-EmployeeInventoryDemoApp-EmployeeInventoryDemoAppUITests.debug.xcconfig"; path = "Target Support Files/Pods-EmployeeInventoryDemoApp-EmployeeInventoryDemoAppUITests/Pods-EmployeeInventoryDemoApp-EmployeeInventoryDemoAppUITests.debug.xcconfig"; sourceTree = "<group>"; };
		4830408F233FC739F54432A0 /* Pods_EmployeeInventoryDemoApp_EmployeeInventoryDemoAppUITests.framework */ = {isa = PBXFileReference; explicitFileType = wrapper.framework; includeInIndex = 0; path = Pods_EmployeeInventoryDemoApp_EmployeeInventoryDemoAppUITests.framework; sourceTree = BUILT_PRODUCTS_DIR; };
		4A17138EC48C5A20D02116D0 /* Pods_EmployeeInventoryDemoAppTests.framework */ = {isa = PBXFileReference; explicitFileType = wrapper.framework; includeInIndex = 0; path = Pods_EmployeeInventoryDemoAppTests.framework; sourceTree = BUILT_PRODUCTS_DIR; };
		55ECEB507C72B4BF056AD4B4 /* Pods-EmployeeInventoryDemoAppTests.debug.xcconfig */ = {isa = PBXFileReference; includeInIndex = 1; lastKnownFileType = text.xcconfig; name = "Pods-EmployeeInventoryDemoAppTests.debug.xcconfig"; path = "Target Support Files/Pods-EmployeeInventoryDemoAppTests/Pods-EmployeeInventoryDemoAppTests.debug.xcconfig"; sourceTree = "<group>"; };
		589C07964C5DCCB105E21B55 /* Pods-EmployeeInventoryDemoApp.release.xcconfig */ = {isa = PBXFileReference; includeInIndex = 1; lastKnownFileType = text.xcconfig; name = "Pods-EmployeeInventoryDemoApp.release.xcconfig"; path = "Target Support Files/Pods-EmployeeInventoryDemoApp/Pods-EmployeeInventoryDemoApp.release.xcconfig"; sourceTree = "<group>"; };
		6F3EC6480A533721F9DA5996 /* Pods_EmployeeInventoryDemoApp.framework */ = {isa = PBXFileReference; explicitFileType = wrapper.framework; includeInIndex = 0; path = Pods_EmployeeInventoryDemoApp.framework; sourceTree = BUILT_PRODUCTS_DIR; };
		73BB8D817AB4C29831A11EE5 /* Pods-EmployeeInventoryDemoApp.debug.xcconfig */ = {isa = PBXFileReference; includeInIndex = 1; lastKnownFileType = text.xcconfig; name = "Pods-EmployeeInventoryDemoApp.debug.xcconfig"; path = "Target Support Files/Pods-EmployeeInventoryDemoApp/Pods-EmployeeInventoryDemoApp.debug.xcconfig"; sourceTree = "<group>"; };
		7AEBF09B0FCDA1036B7B3DFC /* Pods-EmployeeInventoryDemoApp-EmployeeInventoryDemoAppUITests.release.xcconfig */ = {isa = PBXFileReference; includeInIndex = 1; lastKnownFileType = text.xcconfig; name = "Pods-EmployeeInventoryDemoApp-EmployeeInventoryDemoAppUITests.release.xcconfig"; path = "Target Support Files/Pods-EmployeeInventoryDemoApp-EmployeeInventoryDemoAppUITests/Pods-EmployeeInventoryDemoApp-EmployeeInventoryDemoAppUITests.release.xcconfig"; sourceTree = "<group>"; };
		CEF9560D583865E6B2AA4C05 /* Pods-EmployeeInventoryDemoAppTests.release.xcconfig */ = {isa = PBXFileReference; includeInIndex = 1; lastKnownFileType = text.xcconfig; name = "Pods-EmployeeInventoryDemoAppTests.release.xcconfig"; path = "Target Support Files/Pods-EmployeeInventoryDemoAppTests/Pods-EmployeeInventoryDemoAppTests.release.xcconfig"; sourceTree = "<group>"; };
/* End PBXFileReference section */

/* Begin PBXFrameworksBuildPhase section */
		03BAFD4E24744F7D00F6AE5D /* Frameworks */ = {
			isa = PBXFrameworksBuildPhase;
			buildActionMask = 2147483647;
			files = (
				9ECCC2A5D1E4DA74446365FA /* Pods_EmployeeInventoryDemoApp.framework in Frameworks */,
			);
			runOnlyForDeploymentPostprocessing = 0;
		};
		03BAFD6224744F7E00F6AE5D /* Frameworks */ = {
			isa = PBXFrameworksBuildPhase;
			buildActionMask = 2147483647;
			files = (
				524FFE0B4242A1C644B71992 /* Pods_EmployeeInventoryDemoAppTests.framework in Frameworks */,
			);
			runOnlyForDeploymentPostprocessing = 0;
		};
		03BAFD6D24744F7E00F6AE5D /* Frameworks */ = {
			isa = PBXFrameworksBuildPhase;
			buildActionMask = 2147483647;
			files = (
				AAACC0CD39C9F8B99A1F53C5 /* Pods_EmployeeInventoryDemoApp_EmployeeInventoryDemoAppUITests.framework in Frameworks */,
			);
			runOnlyForDeploymentPostprocessing = 0;
		};
/* End PBXFrameworksBuildPhase section */

/* Begin PBXGroup section */
		0305D2EE2487C40E003B2400 /* EETextPicker */ = {
			isa = PBXGroup;
			children = (
				0305D2EF2487C40E003B2400 /* YBTextPickerDataModel.swift */,
				0305D2F02487C40E003B2400 /* EETextPickerCell */,
				0305D2F32487C40E003B2400 /* YBTextPicker.swift */,
				0305D2F42487C40E003B2400 /* Assets */,
				0305D2F72487C40E003B2400 /* YBTextPicker.xib */,
			);
			path = EETextPicker;
			sourceTree = "<group>";
		};
		0305D2F02487C40E003B2400 /* EETextPickerCell */ = {
			isa = PBXGroup;
			children = (
				0305D2F12487C40E003B2400 /* YBTextPickerCell.xib */,
				0305D2F22487C40E003B2400 /* YBTextPickerCell.swift */,
			);
			path = EETextPickerCell;
			sourceTree = "<group>";
		};
		0305D2F42487C40E003B2400 /* Assets */ = {
			isa = PBXGroup;
			children = (
				0305D2F52487C40E003B2400 /* YBTextPicker_checked.png */,
				0305D2F62487C40E003B2400 /* YBTextPicker_unchecked.png */,
			);
			path = Assets;
			sourceTree = "<group>";
		};
		03111D4F2488C17C00E75B77 /* ViewModel */ = {
			isa = PBXGroup;
			children = (
				03111D502488C19200E75B77 /* EmployeeListViewModel.swift */,
			);
			path = ViewModel;
			sourceTree = "<group>";
		};
		03BAFD4824744F7D00F6AE5D = {
			isa = PBXGroup;
			children = (
				03BAFD5324744F7D00F6AE5D /* EmployeeInventoryDemoApp */,
				03BAFD6824744F7E00F6AE5D /* EmployeeInventoryDemoAppTests */,
				03BAFD7324744F7E00F6AE5D /* EmployeeInventoryDemoAppUITests */,
				03BAFD5224744F7D00F6AE5D /* Products */,
				685244CAF45BF77BFA2F8879 /* Pods */,
				80AF826EB9B4AE347B2538BD /* Frameworks */,
			);
			sourceTree = "<group>";
		};
		03BAFD5224744F7D00F6AE5D /* Products */ = {
			isa = PBXGroup;
			children = (
				03BAFD5124744F7D00F6AE5D /* EmployeeInventoryDemoApp.app */,
				03BAFD6524744F7E00F6AE5D /* EmployeeInventoryDemoAppTests.xctest */,
				03BAFD7024744F7E00F6AE5D /* EmployeeInventoryDemoAppUITests.xctest */,
			);
			name = Products;
			sourceTree = "<group>";
		};
		03BAFD5324744F7D00F6AE5D /* EmployeeInventoryDemoApp */ = {
			isa = PBXGroup;
			children = (
				03BAFD5424744F7D00F6AE5D /* AppDelegate.swift */,
				03BAFD8224744FF200F6AE5D /* EmployeeList */,
				03BAFD832474500600F6AE5D /* AddEditEmploee */,
				03BAFD852474504600F6AE5D /* ProjectList */,
				03BAFD872474506700F6AE5D /* Services */,
				03C262C224754D2A00242E15 /* Utility */,
				03BAFD5824744F7D00F6AE5D /* Main.storyboard */,
				03BAFD5B24744F7E00F6AE5D /* Assets.xcassets */,
				03BAFD5D24744F7E00F6AE5D /* LaunchScreen.storyboard */,
				03BAFD6024744F7E00F6AE5D /* Info.plist */,
			);
			path = EmployeeInventoryDemoApp;
			sourceTree = "<group>";
		};
		03BAFD6824744F7E00F6AE5D /* EmployeeInventoryDemoAppTests */ = {
			isa = PBXGroup;
			children = (
				03BAFD6924744F7E00F6AE5D /* EmployeeInventoryDemoAppTests.swift */,
				03BAFD6B24744F7E00F6AE5D /* Info.plist */,
			);
			path = EmployeeInventoryDemoAppTests;
			sourceTree = "<group>";
		};
		03BAFD7324744F7E00F6AE5D /* EmployeeInventoryDemoAppUITests */ = {
			isa = PBXGroup;
			children = (
				03BAFD7424744F7E00F6AE5D /* EmployeeInventoryDemoAppUITests.swift */,
				03BAFD7624744F7E00F6AE5D /* Info.plist */,
			);
			path = EmployeeInventoryDemoAppUITests;
			sourceTree = "<group>";
		};
		03BAFD8224744FF200F6AE5D /* EmployeeList */ = {
			isa = PBXGroup;
			children = (
				03BAFD882474507100F6AE5D /* Model */,
				03BAFD862474505E00F6AE5D /* View */,
				03111D4F2488C17C00E75B77 /* ViewModel */,
			);
			path = EmployeeList;
			sourceTree = "<group>";
		};
		03BAFD832474500600F6AE5D /* AddEditEmploee */ = {
			isa = PBXGroup;
			children = (
				03BAFD8B247450A200F6AE5D /* Model */,
				03BAFD8A2474509B00F6AE5D /* View */,
				03BAFD892474509000F6AE5D /* ViewModel */,
			);
			path = AddEditEmploee;
			sourceTree = "<group>";
		};
		03BAFD852474504600F6AE5D /* ProjectList */ = {
			isa = PBXGroup;
			children = (
				03BAFD91247450D700F6AE5D /* Model */,
				03BAFD90247450D100F6AE5D /* View */,
				03BAFD8F247450CA00F6AE5D /* ViewModel */,
			);
			path = ProjectList;
			sourceTree = "<group>";
		};
		03BAFD862474505E00F6AE5D /* View */ = {
			isa = PBXGroup;
			children = (
				03BAFD922474511D00F6AE5D /* EmployeeListViewController.swift */,
				03C262C02475498100242E15 /* EmployeeTableCell.swift */,
			);
			path = View;
			sourceTree = "<group>";
		};
		03BAFD872474506700F6AE5D /* Services */ = {
			isa = PBXGroup;
			children = (
				03BAFD962474515B00F6AE5D /* DatabaseManager.swift */,
			);
			path = Services;
			sourceTree = "<group>";
		};
		03BAFD882474507100F6AE5D /* Model */ = {
			isa = PBXGroup;
			children = (
				03BAFD942474514600F6AE5D /* EmployeeListModel.swift */,
			);
			path = Model;
			sourceTree = "<group>";
		};
		03BAFD892474509000F6AE5D /* ViewModel */ = {
			isa = PBXGroup;
			children = (
				03BAFD9C247451EC00F6AE5D /* NewEmployeeViewModel.swift */,
			);
			path = ViewModel;
			sourceTree = "<group>";
		};
		03BAFD8A2474509B00F6AE5D /* View */ = {
			isa = PBXGroup;
			children = (
				03BAFD9A247451CC00F6AE5D /* NewEmployeeViewController.swift */,
				0305D2EC24877244003B2400 /* commanTableCell.swift */,
			);
			path = View;
			sourceTree = "<group>";
		};
		03BAFD8B247450A200F6AE5D /* Model */ = {
			isa = PBXGroup;
			children = (
				03BAFD982474519600F6AE5D /* NewEmployeeModel.swift */,
			);
			path = Model;
			sourceTree = "<group>";
		};
		03BAFD8F247450CA00F6AE5D /* ViewModel */ = {
			isa = PBXGroup;
			children = (
				03BAFDA6247452B100F6AE5D /* ProjectListViewModel.swift */,
			);
			path = ViewModel;
			sourceTree = "<group>";
		};
		03BAFD90247450D100F6AE5D /* View */ = {
			isa = PBXGroup;
			children = (
				03BAFDA8247452C000F6AE5D /* ProjectListViewController.swift */,
			);
			path = View;
			sourceTree = "<group>";
		};
		03BAFD91247450D700F6AE5D /* Model */ = {
			isa = PBXGroup;
			children = (
				03BAFDA42474528C00F6AE5D /* ProjectListModel.swift */,
			);
			path = Model;
			sourceTree = "<group>";
		};
		03C262C224754D2A00242E15 /* Utility */ = {
			isa = PBXGroup;
			children = (
				03C262C324754D3600242E15 /* EEConstants.swift */,
				03111D522488FBF200E75B77 /* EEToastMessage.swift */,
				0305D2FF24881118003B2400 /* EEUIColor+Extension.swift */,
				0305D2EE2487C40E003B2400 /* EETextPicker */,
			);
			path = Utility;
			sourceTree = "<group>";
		};
		685244CAF45BF77BFA2F8879 /* Pods */ = {
			isa = PBXGroup;
			children = (
				73BB8D817AB4C29831A11EE5 /* Pods-EmployeeInventoryDemoApp.debug.xcconfig */,
				589C07964C5DCCB105E21B55 /* Pods-EmployeeInventoryDemoApp.release.xcconfig */,
				3311D66F183F453401C94EDC /* Pods-EmployeeInventoryDemoApp-EmployeeInventoryDemoAppUITests.debug.xcconfig */,
				7AEBF09B0FCDA1036B7B3DFC /* Pods-EmployeeInventoryDemoApp-EmployeeInventoryDemoAppUITests.release.xcconfig */,
				55ECEB507C72B4BF056AD4B4 /* Pods-EmployeeInventoryDemoAppTests.debug.xcconfig */,
				CEF9560D583865E6B2AA4C05 /* Pods-EmployeeInventoryDemoAppTests.release.xcconfig */,
			);
			path = Pods;
			sourceTree = "<group>";
		};
		80AF826EB9B4AE347B2538BD /* Frameworks */ = {
			isa = PBXGroup;
			children = (
				03C262BD2475398400242E15 /* Realm.framework */,
				03C262B92475397C00242E15 /* RealmSwift.framework */,
				6F3EC6480A533721F9DA5996 /* Pods_EmployeeInventoryDemoApp.framework */,
				4830408F233FC739F54432A0 /* Pods_EmployeeInventoryDemoApp_EmployeeInventoryDemoAppUITests.framework */,
				4A17138EC48C5A20D02116D0 /* Pods_EmployeeInventoryDemoAppTests.framework */,
			);
			name = Frameworks;
			sourceTree = "<group>";
		};
/* End PBXGroup section */

/* Begin PBXNativeTarget section */
		03BAFD5024744F7D00F6AE5D /* EmployeeInventoryDemoApp */ = {
			isa = PBXNativeTarget;
			buildConfigurationList = 03BAFD7924744F7E00F6AE5D /* Build configuration list for PBXNativeTarget "EmployeeInventoryDemoApp" */;
			buildPhases = (
				AADB690DC74A641CBF7F10C2 /* [CP] Check Pods Manifest.lock */,
				03BAFD4D24744F7D00F6AE5D /* Sources */,
				03BAFD4E24744F7D00F6AE5D /* Frameworks */,
				03BAFD4F24744F7D00F6AE5D /* Resources */,
				262907FAEA726CD7702E5F49 /* [CP] Embed Pods Frameworks */,
			);
			buildRules = (
			);
			dependencies = (
			);
			name = EmployeeInventoryDemoApp;
			productName = EmployeeInventoryDemoApp;
			productReference = 03BAFD5124744F7D00F6AE5D /* EmployeeInventoryDemoApp.app */;
			productType = "com.apple.product-type.application";
		};
		03BAFD6424744F7E00F6AE5D /* EmployeeInventoryDemoAppTests */ = {
			isa = PBXNativeTarget;
			buildConfigurationList = 03BAFD7C24744F7E00F6AE5D /* Build configuration list for PBXNativeTarget "EmployeeInventoryDemoAppTests" */;
			buildPhases = (
				A9816DFD2DF92B7824FF8C66 /* [CP] Check Pods Manifest.lock */,
				03BAFD6124744F7E00F6AE5D /* Sources */,
				03BAFD6224744F7E00F6AE5D /* Frameworks */,
				03BAFD6324744F7E00F6AE5D /* Resources */,
			);
			buildRules = (
			);
			dependencies = (
				03BAFD6724744F7E00F6AE5D /* PBXTargetDependency */,
			);
			name = EmployeeInventoryDemoAppTests;
			productName = EmployeeInventoryDemoAppTests;
			productReference = 03BAFD6524744F7E00F6AE5D /* EmployeeInventoryDemoAppTests.xctest */;
			productType = "com.apple.product-type.bundle.unit-test";
		};
		03BAFD6F24744F7E00F6AE5D /* EmployeeInventoryDemoAppUITests */ = {
			isa = PBXNativeTarget;
			buildConfigurationList = 03BAFD7F24744F7E00F6AE5D /* Build configuration list for PBXNativeTarget "EmployeeInventoryDemoAppUITests" */;
			buildPhases = (
				78C57657657B92B681891A67 /* [CP] Check Pods Manifest.lock */,
				03BAFD6C24744F7E00F6AE5D /* Sources */,
				03BAFD6D24744F7E00F6AE5D /* Frameworks */,
				03BAFD6E24744F7E00F6AE5D /* Resources */,
				633D0385435F58ABBAD36F50 /* [CP] Embed Pods Frameworks */,
			);
			buildRules = (
			);
			dependencies = (
				03BAFD7224744F7E00F6AE5D /* PBXTargetDependency */,
			);
			name = EmployeeInventoryDemoAppUITests;
			productName = EmployeeInventoryDemoAppUITests;
			productReference = 03BAFD7024744F7E00F6AE5D /* EmployeeInventoryDemoAppUITests.xctest */;
			productType = "com.apple.product-type.bundle.ui-testing";
		};
/* End PBXNativeTarget section */

/* Begin PBXProject section */
		03BAFD4924744F7D00F6AE5D /* Project object */ = {
			isa = PBXProject;
			attributes = {
				LastSwiftUpdateCheck = 1020;
				LastUpgradeCheck = 1020;
				ORGANIZATIONNAME = "Sachin Randive";
				TargetAttributes = {
					03BAFD5024744F7D00F6AE5D = {
						CreatedOnToolsVersion = 10.2.1;
					};
					03BAFD6424744F7E00F6AE5D = {
						CreatedOnToolsVersion = 10.2.1;
						TestTargetID = 03BAFD5024744F7D00F6AE5D;
					};
					03BAFD6F24744F7E00F6AE5D = {
						CreatedOnToolsVersion = 10.2.1;
						TestTargetID = 03BAFD5024744F7D00F6AE5D;
					};
				};
			};
			buildConfigurationList = 03BAFD4C24744F7D00F6AE5D /* Build configuration list for PBXProject "EmployeeInventoryDemoApp" */;
			compatibilityVersion = "Xcode 9.3";
			developmentRegion = en;
			hasScannedForEncodings = 0;
			knownRegions = (
				en,
				Base,
			);
			mainGroup = 03BAFD4824744F7D00F6AE5D;
			productRefGroup = 03BAFD5224744F7D00F6AE5D /* Products */;
			projectDirPath = "";
			projectRoot = "";
			targets = (
				03BAFD5024744F7D00F6AE5D /* EmployeeInventoryDemoApp */,
				03BAFD6424744F7E00F6AE5D /* EmployeeInventoryDemoAppTests */,
				03BAFD6F24744F7E00F6AE5D /* EmployeeInventoryDemoAppUITests */,
			);
		};
/* End PBXProject section */

/* Begin PBXResourcesBuildPhase section */
		03BAFD4F24744F7D00F6AE5D /* Resources */ = {
			isa = PBXResourcesBuildPhase;
			buildActionMask = 2147483647;
			files = (
				0305D2FD2487C40E003B2400 /* YBTextPicker_unchecked.png in Resources */,
				03BAFD5F24744F7E00F6AE5D /* LaunchScreen.storyboard in Resources */,
				03BAFD5C24744F7E00F6AE5D /* Assets.xcassets in Resources */,
				03BAFD5A24744F7D00F6AE5D /* Main.storyboard in Resources */,
				0305D2F92487C40E003B2400 /* YBTextPickerCell.xib in Resources */,
				0305D2FC2487C40E003B2400 /* YBTextPicker_checked.png in Resources */,
				0305D2FE2487C40E003B2400 /* YBTextPicker.xib in Resources */,
			);
			runOnlyForDeploymentPostprocessing = 0;
		};
		03BAFD6324744F7E00F6AE5D /* Resources */ = {
			isa = PBXResourcesBuildPhase;
			buildActionMask = 2147483647;
			files = (
			);
			runOnlyForDeploymentPostprocessing = 0;
		};
		03BAFD6E24744F7E00F6AE5D /* Resources */ = {
			isa = PBXResourcesBuildPhase;
			buildActionMask = 2147483647;
			files = (
			);
			runOnlyForDeploymentPostprocessing = 0;
		};
/* End PBXResourcesBuildPhase section */

/* Begin PBXShellScriptBuildPhase section */
		262907FAEA726CD7702E5F49 /* [CP] Embed Pods Frameworks */ = {
			isa = PBXShellScriptBuildPhase;
			buildActionMask = 2147483647;
			files = (
			);
			inputFileListPaths = (
				"${PODS_ROOT}/Target Support Files/Pods-EmployeeInventoryDemoApp/Pods-EmployeeInventoryDemoApp-frameworks-${CONFIGURATION}-input-files.xcfilelist",
			);
			name = "[CP] Embed Pods Frameworks";
			outputFileListPaths = (
				"${PODS_ROOT}/Target Support Files/Pods-EmployeeInventoryDemoApp/Pods-EmployeeInventoryDemoApp-frameworks-${CONFIGURATION}-output-files.xcfilelist",
			);
			runOnlyForDeploymentPostprocessing = 0;
			shellPath = /bin/sh;
			shellScript = "\"${PODS_ROOT}/Target Support Files/Pods-EmployeeInventoryDemoApp/Pods-EmployeeInventoryDemoApp-frameworks.sh\"\n";
			showEnvVarsInLog = 0;
		};
		633D0385435F58ABBAD36F50 /* [CP] Embed Pods Frameworks */ = {
			isa = PBXShellScriptBuildPhase;
			buildActionMask = 2147483647;
			files = (
			);
			inputFileListPaths = (
				"${PODS_ROOT}/Target Support Files/Pods-EmployeeInventoryDemoApp-EmployeeInventoryDemoAppUITests/Pods-EmployeeInventoryDemoApp-EmployeeInventoryDemoAppUITests-frameworks-${CONFIGURATION}-input-files.xcfilelist",
			);
			name = "[CP] Embed Pods Frameworks";
			outputFileListPaths = (
				"${PODS_ROOT}/Target Support Files/Pods-EmployeeInventoryDemoApp-EmployeeInventoryDemoAppUITests/Pods-EmployeeInventoryDemoApp-EmployeeInventoryDemoAppUITests-frameworks-${CONFIGURATION}-output-files.xcfilelist",
			);
			runOnlyForDeploymentPostprocessing = 0;
			shellPath = /bin/sh;
			shellScript = "\"${PODS_ROOT}/Target Support Files/Pods-EmployeeInventoryDemoApp-EmployeeInventoryDemoAppUITests/Pods-EmployeeInventoryDemoApp-EmployeeInventoryDemoAppUITests-frameworks.sh\"\n";
			showEnvVarsInLog = 0;
		};
		78C57657657B92B681891A67 /* [CP] Check Pods Manifest.lock */ = {
			isa = PBXShellScriptBuildPhase;
			buildActionMask = 2147483647;
			files = (
			);
			inputFileListPaths = (
			);
			inputPaths = (
				"${PODS_PODFILE_DIR_PATH}/Podfile.lock",
				"${PODS_ROOT}/Manifest.lock",
			);
			name = "[CP] Check Pods Manifest.lock";
			outputFileListPaths = (
			);
			outputPaths = (
				"$(DERIVED_FILE_DIR)/Pods-EmployeeInventoryDemoApp-EmployeeInventoryDemoAppUITests-checkManifestLockResult.txt",
			);
			runOnlyForDeploymentPostprocessing = 0;
			shellPath = /bin/sh;
			shellScript = "diff \"${PODS_PODFILE_DIR_PATH}/Podfile.lock\" \"${PODS_ROOT}/Manifest.lock\" > /dev/null\nif [ $? != 0 ] ; then\n    # print error to STDERR\n    echo \"error: The sandbox is not in sync with the Podfile.lock. Run 'pod install' or update your CocoaPods installation.\" >&2\n    exit 1\nfi\n# This output is used by Xcode 'outputs' to avoid re-running this script phase.\necho \"SUCCESS\" > \"${SCRIPT_OUTPUT_FILE_0}\"\n";
			showEnvVarsInLog = 0;
		};
		A9816DFD2DF92B7824FF8C66 /* [CP] Check Pods Manifest.lock */ = {
			isa = PBXShellScriptBuildPhase;
			buildActionMask = 2147483647;
			files = (
			);
			inputFileListPaths = (
			);
			inputPaths = (
				"${PODS_PODFILE_DIR_PATH}/Podfile.lock",
				"${PODS_ROOT}/Manifest.lock",
			);
			name = "[CP] Check Pods Manifest.lock";
			outputFileListPaths = (
			);
			outputPaths = (
				"$(DERIVED_FILE_DIR)/Pods-EmployeeInventoryDemoAppTests-checkManifestLockResult.txt",
			);
			runOnlyForDeploymentPostprocessing = 0;
			shellPath = /bin/sh;
			shellScript = "diff \"${PODS_PODFILE_DIR_PATH}/Podfile.lock\" \"${PODS_ROOT}/Manifest.lock\" > /dev/null\nif [ $? != 0 ] ; then\n    # print error to STDERR\n    echo \"error: The sandbox is not in sync with the Podfile.lock. Run 'pod install' or update your CocoaPods installation.\" >&2\n    exit 1\nfi\n# This output is used by Xcode 'outputs' to avoid re-running this script phase.\necho \"SUCCESS\" > \"${SCRIPT_OUTPUT_FILE_0}\"\n";
			showEnvVarsInLog = 0;
		};
		AADB690DC74A641CBF7F10C2 /* [CP] Check Pods Manifest.lock */ = {
			isa = PBXShellScriptBuildPhase;
			buildActionMask = 2147483647;
			files = (
			);
			inputFileListPaths = (
			);
			inputPaths = (
				"${PODS_PODFILE_DIR_PATH}/Podfile.lock",
				"${PODS_ROOT}/Manifest.lock",
			);
			name = "[CP] Check Pods Manifest.lock";
			outputFileListPaths = (
			);
			outputPaths = (
				"$(DERIVED_FILE_DIR)/Pods-EmployeeInventoryDemoApp-checkManifestLockResult.txt",
			);
			runOnlyForDeploymentPostprocessing = 0;
			shellPath = /bin/sh;
			shellScript = "diff \"${PODS_PODFILE_DIR_PATH}/Podfile.lock\" \"${PODS_ROOT}/Manifest.lock\" > /dev/null\nif [ $? != 0 ] ; then\n    # print error to STDERR\n    echo \"error: The sandbox is not in sync with the Podfile.lock. Run 'pod install' or update your CocoaPods installation.\" >&2\n    exit 1\nfi\n# This output is used by Xcode 'outputs' to avoid re-running this script phase.\necho \"SUCCESS\" > \"${SCRIPT_OUTPUT_FILE_0}\"\n";
			showEnvVarsInLog = 0;
		};
/* End PBXShellScriptBuildPhase section */

/* Begin PBXSourcesBuildPhase section */
		03BAFD4D24744F7D00F6AE5D /* Sources */ = {
			isa = PBXSourcesBuildPhase;
			buildActionMask = 2147483647;
			files = (
				03BAFDA9247452C000F6AE5D /* ProjectListViewController.swift in Sources */,
				03BAFD9B247451CC00F6AE5D /* NewEmployeeViewController.swift in Sources */,
				03C262C424754D3600242E15 /* EEConstants.swift in Sources */,
				0305D2FB2487C40E003B2400 /* YBTextPicker.swift in Sources */,
				0305D2FA2487C40E003B2400 /* YBTextPickerCell.swift in Sources */,
				0305D2F82487C40E003B2400 /* YBTextPickerDataModel.swift in Sources */,
				0305D2ED24877244003B2400 /* commanTableCell.swift in Sources */,
				0305D30024881118003B2400 /* EEUIColor+Extension.swift in Sources */,
				03BAFD992474519600F6AE5D /* NewEmployeeModel.swift in Sources */,
				03BAFDA7247452B100F6AE5D /* ProjectListViewModel.swift in Sources */,
				03BAFD9D247451EC00F6AE5D /* NewEmployeeViewModel.swift in Sources */,
				03BAFD5524744F7D00F6AE5D /* AppDelegate.swift in Sources */,
				03111D532488FBF200E75B77 /* EEToastMessage.swift in Sources */,
				03BAFDA52474528C00F6AE5D /* ProjectListModel.swift in Sources */,
				03BAFD932474511D00F6AE5D /* EmployeeListViewController.swift in Sources */,
				03C262C12475498100242E15 /* EmployeeTableCell.swift in Sources */,
				03BAFD972474515B00F6AE5D /* DatabaseManager.swift in Sources */,
				03111D512488C19200E75B77 /* EmployeeListViewModel.swift in Sources */,
				03BAFD952474514600F6AE5D /* EmployeeListModel.swift in Sources */,
			);
			runOnlyForDeploymentPostprocessing = 0;
		};
		03BAFD6124744F7E00F6AE5D /* Sources */ = {
			isa = PBXSourcesBuildPhase;
			buildActionMask = 2147483647;
			files = (
				03BAFD6A24744F7E00F6AE5D /* EmployeeInventoryDemoAppTests.swift in Sources */,
			);
			runOnlyForDeploymentPostprocessing = 0;
		};
		03BAFD6C24744F7E00F6AE5D /* Sources */ = {
			isa = PBXSourcesBuildPhase;
			buildActionMask = 2147483647;
			files = (
				03BAFD7524744F7E00F6AE5D /* EmployeeInventoryDemoAppUITests.swift in Sources */,
			);
			runOnlyForDeploymentPostprocessing = 0;
		};
/* End PBXSourcesBuildPhase section */

/* Begin PBXTargetDependency section */
		03BAFD6724744F7E00F6AE5D /* PBXTargetDependency */ = {
			isa = PBXTargetDependency;
			target = 03BAFD5024744F7D00F6AE5D /* EmployeeInventoryDemoApp */;
			targetProxy = 03BAFD6624744F7E00F6AE5D /* PBXContainerItemProxy */;
		};
		03BAFD7224744F7E00F6AE5D /* PBXTargetDependency */ = {
			isa = PBXTargetDependency;
			target = 03BAFD5024744F7D00F6AE5D /* EmployeeInventoryDemoApp */;
			targetProxy = 03BAFD7124744F7E00F6AE5D /* PBXContainerItemProxy */;
		};
/* End PBXTargetDependency section */

/* Begin PBXVariantGroup section */
		03BAFD5824744F7D00F6AE5D /* Main.storyboard */ = {
			isa = PBXVariantGroup;
			children = (
				03BAFD5924744F7D00F6AE5D /* Base */,
			);
			name = Main.storyboard;
			sourceTree = "<group>";
		};
		03BAFD5D24744F7E00F6AE5D /* LaunchScreen.storyboard */ = {
			isa = PBXVariantGroup;
			children = (
				03BAFD5E24744F7E00F6AE5D /* Base */,
			);
			name = LaunchScreen.storyboard;
			sourceTree = "<group>";
		};
/* End PBXVariantGroup section */

/* Begin XCBuildConfiguration section */
		03BAFD7724744F7E00F6AE5D /* Debug */ = {
			isa = XCBuildConfiguration;
			buildSettings = {
				ALWAYS_SEARCH_USER_PATHS = NO;
				CLANG_ANALYZER_NONNULL = YES;
				CLANG_ANALYZER_NUMBER_OBJECT_CONVERSION = YES_AGGRESSIVE;
				CLANG_CXX_LANGUAGE_STANDARD = "gnu++14";
				CLANG_CXX_LIBRARY = "libc++";
				CLANG_ENABLE_MODULES = YES;
				CLANG_ENABLE_OBJC_ARC = YES;
				CLANG_ENABLE_OBJC_WEAK = YES;
				CLANG_WARN_BLOCK_CAPTURE_AUTORELEASING = YES;
				CLANG_WARN_BOOL_CONVERSION = YES;
				CLANG_WARN_COMMA = YES;
				CLANG_WARN_CONSTANT_CONVERSION = YES;
				CLANG_WARN_DEPRECATED_OBJC_IMPLEMENTATIONS = YES;
				CLANG_WARN_DIRECT_OBJC_ISA_USAGE = YES_ERROR;
				CLANG_WARN_DOCUMENTATION_COMMENTS = YES;
				CLANG_WARN_EMPTY_BODY = YES;
				CLANG_WARN_ENUM_CONVERSION = YES;
				CLANG_WARN_INFINITE_RECURSION = YES;
				CLANG_WARN_INT_CONVERSION = YES;
				CLANG_WARN_NON_LITERAL_NULL_CONVERSION = YES;
				CLANG_WARN_OBJC_IMPLICIT_RETAIN_SELF = YES;
				CLANG_WARN_OBJC_LITERAL_CONVERSION = YES;
				CLANG_WARN_OBJC_ROOT_CLASS = YES_ERROR;
				CLANG_WARN_RANGE_LOOP_ANALYSIS = YES;
				CLANG_WARN_STRICT_PROTOTYPES = YES;
				CLANG_WARN_SUSPICIOUS_MOVE = YES;
				CLANG_WARN_UNGUARDED_AVAILABILITY = YES_AGGRESSIVE;
				CLANG_WARN_UNREACHABLE_CODE = YES;
				CLANG_WARN__DUPLICATE_METHOD_MATCH = YES;
				CODE_SIGN_IDENTITY = "iPhone Developer";
				COPY_PHASE_STRIP = NO;
				DEBUG_INFORMATION_FORMAT = dwarf;
				ENABLE_STRICT_OBJC_MSGSEND = YES;
				ENABLE_TESTABILITY = YES;
				GCC_C_LANGUAGE_STANDARD = gnu11;
				GCC_DYNAMIC_NO_PIC = NO;
				GCC_NO_COMMON_BLOCKS = YES;
				GCC_OPTIMIZATION_LEVEL = 0;
				GCC_PREPROCESSOR_DEFINITIONS = (
					"DEBUG=1",
					"$(inherited)",
				);
				GCC_WARN_64_TO_32_BIT_CONVERSION = YES;
				GCC_WARN_ABOUT_RETURN_TYPE = YES_ERROR;
				GCC_WARN_UNDECLARED_SELECTOR = YES;
				GCC_WARN_UNINITIALIZED_AUTOS = YES_AGGRESSIVE;
				GCC_WARN_UNUSED_FUNCTION = YES;
				GCC_WARN_UNUSED_VARIABLE = YES;
				IPHONEOS_DEPLOYMENT_TARGET = 12.0;
				MTL_ENABLE_DEBUG_INFO = INCLUDE_SOURCE;
				MTL_FAST_MATH = YES;
				ONLY_ACTIVE_ARCH = YES;
				SDKROOT = iphoneos;
				SWIFT_ACTIVE_COMPILATION_CONDITIONS = DEBUG;
				SWIFT_OPTIMIZATION_LEVEL = "-Onone";
			};
			name = Debug;
		};
		03BAFD7824744F7E00F6AE5D /* Release */ = {
			isa = XCBuildConfiguration;
			buildSettings = {
				ALWAYS_SEARCH_USER_PATHS = NO;
				CLANG_ANALYZER_NONNULL = YES;
				CLANG_ANALYZER_NUMBER_OBJECT_CONVERSION = YES_AGGRESSIVE;
				CLANG_CXX_LANGUAGE_STANDARD = "gnu++14";
				CLANG_CXX_LIBRARY = "libc++";
				CLANG_ENABLE_MODULES = YES;
				CLANG_ENABLE_OBJC_ARC = YES;
				CLANG_ENABLE_OBJC_WEAK = YES;
				CLANG_WARN_BLOCK_CAPTURE_AUTORELEASING = YES;
				CLANG_WARN_BOOL_CONVERSION = YES;
				CLANG_WARN_COMMA = YES;
				CLANG_WARN_CONSTANT_CONVERSION = YES;
				CLANG_WARN_DEPRECATED_OBJC_IMPLEMENTATIONS = YES;
				CLANG_WARN_DIRECT_OBJC_ISA_USAGE = YES_ERROR;
				CLANG_WARN_DOCUMENTATION_COMMENTS = YES;
				CLANG_WARN_EMPTY_BODY = YES;
				CLANG_WARN_ENUM_CONVERSION = YES;
				CLANG_WARN_INFINITE_RECURSION = YES;
				CLANG_WARN_INT_CONVERSION = YES;
				CLANG_WARN_NON_LITERAL_NULL_CONVERSION = YES;
				CLANG_WARN_OBJC_IMPLICIT_RETAIN_SELF = YES;
				CLANG_WARN_OBJC_LITERAL_CONVERSION = YES;
				CLANG_WARN_OBJC_ROOT_CLASS = YES_ERROR;
				CLANG_WARN_RANGE_LOOP_ANALYSIS = YES;
				CLANG_WARN_STRICT_PROTOTYPES = YES;
				CLANG_WARN_SUSPICIOUS_MOVE = YES;
				CLANG_WARN_UNGUARDED_AVAILABILITY = YES_AGGRESSIVE;
				CLANG_WARN_UNREACHABLE_CODE = YES;
				CLANG_WARN__DUPLICATE_METHOD_MATCH = YES;
				CODE_SIGN_IDENTITY = "iPhone Developer";
				COPY_PHASE_STRIP = NO;
				DEBUG_INFORMATION_FORMAT = "dwarf-with-dsym";
				ENABLE_NS_ASSERTIONS = NO;
				ENABLE_STRICT_OBJC_MSGSEND = YES;
				GCC_C_LANGUAGE_STANDARD = gnu11;
				GCC_NO_COMMON_BLOCKS = YES;
				GCC_WARN_64_TO_32_BIT_CONVERSION = YES;
				GCC_WARN_ABOUT_RETURN_TYPE = YES_ERROR;
				GCC_WARN_UNDECLARED_SELECTOR = YES;
				GCC_WARN_UNINITIALIZED_AUTOS = YES_AGGRESSIVE;
				GCC_WARN_UNUSED_FUNCTION = YES;
				GCC_WARN_UNUSED_VARIABLE = YES;
				IPHONEOS_DEPLOYMENT_TARGET = 12.0;
				MTL_ENABLE_DEBUG_INFO = NO;
				MTL_FAST_MATH = YES;
				SDKROOT = iphoneos;
				SWIFT_COMPILATION_MODE = wholemodule;
				SWIFT_OPTIMIZATION_LEVEL = "-O";
				VALIDATE_PRODUCT = YES;
			};
			name = Release;
		};
		03BAFD7A24744F7E00F6AE5D /* Debug */ = {
			isa = XCBuildConfiguration;
			baseConfigurationReference = 73BB8D817AB4C29831A11EE5 /* Pods-EmployeeInventoryDemoApp.debug.xcconfig */;
			buildSettings = {
				ASSETCATALOG_COMPILER_APPICON_NAME = AppIcon;
				CODE_SIGN_STYLE = Automatic;
				INFOPLIST_FILE = EmployeeInventoryDemoApp/Info.plist;
				IPHONEOS_DEPLOYMENT_TARGET = 12.0;
				LD_RUNPATH_SEARCH_PATHS = (
					"$(inherited)",
					"@executable_path/Frameworks",
				);
				PRODUCT_BUNDLE_IDENTIFIER = techM.EmployeeInventoryDemoApp;
				PRODUCT_NAME = "$(TARGET_NAME)";
				SWIFT_VERSION = 5.0;
				TARGETED_DEVICE_FAMILY = "1,2";
			};
			name = Debug;
		};
		03BAFD7B24744F7E00F6AE5D /* Release */ = {
			isa = XCBuildConfiguration;
			baseConfigurationReference = 589C07964C5DCCB105E21B55 /* Pods-EmployeeInventoryDemoApp.release.xcconfig */;
			buildSettings = {
				ASSETCATALOG_COMPILER_APPICON_NAME = AppIcon;
				CODE_SIGN_STYLE = Automatic;
				INFOPLIST_FILE = EmployeeInventoryDemoApp/Info.plist;
				IPHONEOS_DEPLOYMENT_TARGET = 12.0;
				LD_RUNPATH_SEARCH_PATHS = (
					"$(inherited)",
					"@executable_path/Frameworks",
				);
				PRODUCT_BUNDLE_IDENTIFIER = techM.EmployeeInventoryDemoApp;
				PRODUCT_NAME = "$(TARGET_NAME)";
				SWIFT_VERSION = 5.0;
				TARGETED_DEVICE_FAMILY = "1,2";
			};
			name = Release;
		};
		03BAFD7D24744F7E00F6AE5D /* Debug */ = {
			isa = XCBuildConfiguration;
			baseConfigurationReference = 55ECEB507C72B4BF056AD4B4 /* Pods-EmployeeInventoryDemoAppTests.debug.xcconfig */;
			buildSettings = {
				ALWAYS_EMBED_SWIFT_STANDARD_LIBRARIES = YES;
				BUNDLE_LOADER = "$(TEST_HOST)";
				CODE_SIGN_STYLE = Automatic;
				INFOPLIST_FILE = EmployeeInventoryDemoAppTests/Info.plist;
				LD_RUNPATH_SEARCH_PATHS = (
					"$(inherited)",
					"@executable_path/Frameworks",
					"@loader_path/Frameworks",
				);
				PRODUCT_BUNDLE_IDENTIFIER = techM.EmployeeInventoryDemoAppTests;
				PRODUCT_NAME = "$(TARGET_NAME)";
				SWIFT_VERSION = 5.0;
				TARGETED_DEVICE_FAMILY = "1,2";
				TEST_HOST = "$(BUILT_PRODUCTS_DIR)/EmployeeInventoryDemoApp.app/EmployeeInventoryDemoApp";
			};
			name = Debug;
		};
		03BAFD7E24744F7E00F6AE5D /* Release */ = {
			isa = XCBuildConfiguration;
			baseConfigurationReference = CEF9560D583865E6B2AA4C05 /* Pods-EmployeeInventoryDemoAppTests.release.xcconfig */;
			buildSettings = {
				ALWAYS_EMBED_SWIFT_STANDARD_LIBRARIES = YES;
				BUNDLE_LOADER = "$(TEST_HOST)";
				CODE_SIGN_STYLE = Automatic;
				INFOPLIST_FILE = EmployeeInventoryDemoAppTests/Info.plist;
				LD_RUNPATH_SEARCH_PATHS = (
					"$(inherited)",
					"@executable_path/Frameworks",
					"@loader_path/Frameworks",
				);
				PRODUCT_BUNDLE_IDENTIFIER = techM.EmployeeInventoryDemoAppTests;
				PRODUCT_NAME = "$(TARGET_NAME)";
				SWIFT_VERSION = 5.0;
				TARGETED_DEVICE_FAMILY = "1,2";
				TEST_HOST = "$(BUILT_PRODUCTS_DIR)/EmployeeInventoryDemoApp.app/EmployeeInventoryDemoApp";
			};
			name = Release;
		};
		03BAFD8024744F7E00F6AE5D /* Debug */ = {
			isa = XCBuildConfiguration;
			baseConfigurationReference = 3311D66F183F453401C94EDC /* Pods-EmployeeInventoryDemoApp-EmployeeInventoryDemoAppUITests.debug.xcconfig */;
			buildSettings = {
				ALWAYS_EMBED_SWIFT_STANDARD_LIBRARIES = YES;
				CODE_SIGN_STYLE = Automatic;
				INFOPLIST_FILE = EmployeeInventoryDemoAppUITests/Info.plist;
				LD_RUNPATH_SEARCH_PATHS = (
					"$(inherited)",
					"@executable_path/Frameworks",
					"@loader_path/Frameworks",
				);
				PRODUCT_BUNDLE_IDENTIFIER = techM.EmployeeInventoryDemoAppUITests;
				PRODUCT_NAME = "$(TARGET_NAME)";
				SWIFT_VERSION = 5.0;
				TARGETED_DEVICE_FAMILY = "1,2";
				TEST_TARGET_NAME = EmployeeInventoryDemoApp;
			};
			name = Debug;
		};
		03BAFD8124744F7E00F6AE5D /* Release */ = {
			isa = XCBuildConfiguration;
			baseConfigurationReference = 7AEBF09B0FCDA1036B7B3DFC /* Pods-EmployeeInventoryDemoApp-EmployeeInventoryDemoAppUITests.release.xcconfig */;
			buildSettings = {
				ALWAYS_EMBED_SWIFT_STANDARD_LIBRARIES = YES;
				CODE_SIGN_STYLE = Automatic;
				INFOPLIST_FILE = EmployeeInventoryDemoAppUITests/Info.plist;
				LD_RUNPATH_SEARCH_PATHS = (
					"$(inherited)",
					"@executable_path/Frameworks",
					"@loader_path/Frameworks",
				);
				PRODUCT_BUNDLE_IDENTIFIER = techM.EmployeeInventoryDemoAppUITests;
				PRODUCT_NAME = "$(TARGET_NAME)";
				SWIFT_VERSION = 5.0;
				TARGETED_DEVICE_FAMILY = "1,2";
				TEST_TARGET_NAME = EmployeeInventoryDemoApp;
			};
			name = Release;
		};
/* End XCBuildConfiguration section */

/* Begin XCConfigurationList section */
		03BAFD4C24744F7D00F6AE5D /* Build configuration list for PBXProject "EmployeeInventoryDemoApp" */ = {
			isa = XCConfigurationList;
			buildConfigurations = (
				03BAFD7724744F7E00F6AE5D /* Debug */,
				03BAFD7824744F7E00F6AE5D /* Release */,
			);
			defaultConfigurationIsVisible = 0;
			defaultConfigurationName = Release;
		};
		03BAFD7924744F7E00F6AE5D /* Build configuration list for PBXNativeTarget "EmployeeInventoryDemoApp" */ = {
			isa = XCConfigurationList;
			buildConfigurations = (
				03BAFD7A24744F7E00F6AE5D /* Debug */,
				03BAFD7B24744F7E00F6AE5D /* Release */,
			);
			defaultConfigurationIsVisible = 0;
			defaultConfigurationName = Release;
		};
		03BAFD7C24744F7E00F6AE5D /* Build configuration list for PBXNativeTarget "EmployeeInventoryDemoAppTests" */ = {
			isa = XCConfigurationList;
			buildConfigurations = (
				03BAFD7D24744F7E00F6AE5D /* Debug */,
				03BAFD7E24744F7E00F6AE5D /* Release */,
			);
			defaultConfigurationIsVisible = 0;
			defaultConfigurationName = Release;
		};
		03BAFD7F24744F7E00F6AE5D /* Build configuration list for PBXNativeTarget "EmployeeInventoryDemoAppUITests" */ = {
			isa = XCConfigurationList;
			buildConfigurations = (
				03BAFD8024744F7E00F6AE5D /* Debug */,
				03BAFD8124744F7E00F6AE5D /* Release */,
			);
			defaultConfigurationIsVisible = 0;
			defaultConfigurationName = Release;
		};
/* End XCConfigurationList section */
	};
	rootObject = 03BAFD4924744F7D00F6AE5D /* Project object */;
}
